
Microsoft Visual Studio Solution File, Format Version 12.00
# Visual Studio 15
VisualStudioVersion = 15.0.27428.1
MinimumVisualStudioVersion = 10.0.40219.1
Project("{888888A0-9F3D-457C-B088-3A5042F75D52}") = "ClausewitzScripting", "ClausewitzScripting.pyproj", "{1683520E-6A2D-490C-9645-7ED57791E8E1}"
EndProject
Global
	GlobalSection(SolutionConfigurationPlatforms) = preSolution
		Debug|Any CPU = Debug|Any CPU
		Release|Any CPU = Release|Any CPU
	EndGlobalSection
	GlobalSection(ProjectConfigurationPlatforms) = postSolution
		{1683520E-6A2D-490C-9645-7ED57791E8E1}.Debug|Any CPU.ActiveCfg = Debug|Any CPU
		{1683520E-6A2D-490C-9645-7ED57791E8E1}.Release|Any CPU.ActiveCfg = Release|Any CPU
	EndGlobalSection
	GlobalSection(SolutionProperties) = preSolution
		HideSolutionNode = FALSE
	EndGlobalSection
	GlobalSection(ExtensibilityGlobals) = postSolution
		SolutionGuid = {B4380B89-BA00-4BD3-844B-7AA0301B1092}
	EndGlobalSection
EndGlobal
